
Microsoft Visual Studio Solution File, Format Version 12.00
# Visual Studio Version 17
VisualStudioVersion = 17.0.31919.166
MinimumVisualStudioVersion = 10.0.40219.1
Project("{9A19103F-16F7-4668-BE54-9A1E7A4F7556}") = "Business", "Business\Business.csproj", "{7EFE3B47-2528-4D8E-8EA0-2383210B3814}"
EndProject
Project("{9A19103F-16F7-4668-BE54-9A1E7A4F7556}") = "Entities", "Entities\Entities.csproj", "{4B30E1F2-1D99-4683-B630-5EB3BFE78602}"
EndProject
Project("{9A19103F-16F7-4668-BE54-9A1E7A4F7556}") = "DataAccess", "DataAccess\DataAccess.csproj", "{07E6B7DA-52B3-42D5-91C7-184813C331C5}"
EndProject
Project("{9A19103F-16F7-4668-BE54-9A1E7A4F7556}") = "ConsoleUI", "ConsoleUI\ConsoleUI.csproj", "{56E2FFBB-14C6-45AB-871C-5661BF0EE9C6}"
EndProject
Project("{9A19103F-16F7-4668-BE54-9A1E7A4F7556}") = "Core", "Core\Core.csproj", "{CFF00489-9E62-4B91-8245-F5518FBA2CE3}"
EndProject
Project("{9A19103F-16F7-4668-BE54-9A1E7A4F7556}") = "WebAPI", "WebAPI\WebAPI.csproj", "{79D873B0-1B5C-49DA-93C4-3A62D34C57D2}"
EndProject
Global
	GlobalSection(SolutionConfigurationPlatforms) = preSolution
		Debug|Any CPU = Debug|Any CPU
		Release|Any CPU = Release|Any CPU
	EndGlobalSection
	GlobalSection(ProjectConfigurationPlatforms) = postSolution
		{7EFE3B47-2528-4D8E-8EA0-2383210B3814}.Debug|Any CPU.ActiveCfg = Debug|Any CPU
		{7EFE3B47-2528-4D8E-8EA0-2383210B3814}.Debug|Any CPU.Build.0 = Debug|Any CPU
		{7EFE3B47-2528-4D8E-8EA0-2383210B3814}.Release|Any CPU.ActiveCfg = Release|Any CPU
		{7EFE3B47-2528-4D8E-8EA0-2383210B3814}.Release|Any CPU.Build.0 = Release|Any CPU
		{4B30E1F2-1D99-4683-B630-5EB3BFE78602}.Debug|Any CPU.ActiveCfg = Debug|Any CPU
		{4B30E1F2-1D99-4683-B630-5EB3BFE78602}.Debug|Any CPU.Build.0 = Debug|Any CPU
		{4B30E1F2-1D99-4683-B630-5EB3BFE78602}.Release|Any CPU.ActiveCfg = Release|Any CPU
		{4B30E1F2-1D99-4683-B630-5EB3BFE78602}.Release|Any CPU.Build.0 = Release|Any CPU
		{07E6B7DA-52B3-42D5-91C7-184813C331C5}.Debug|Any CPU.ActiveCfg = Debug|Any CPU
		{07E6B7DA-52B3-42D5-91C7-184813C331C5}.Debug|Any CPU.Build.0 = Debug|Any CPU
		{07E6B7DA-52B3-42D5-91C7-184813C331C5}.Release|Any CPU.ActiveCfg = Release|Any CPU
		{07E6B7DA-52B3-42D5-91C7-184813C331C5}.Release|Any CPU.Build.0 = Release|Any CPU
		{56E2FFBB-14C6-45AB-871C-5661BF0EE9C6}.Debug|Any CPU.ActiveCfg = Debug|Any CPU
		{56E2FFBB-14C6-45AB-871C-5661BF0EE9C6}.Debug|Any CPU.Build.0 = Debug|Any CPU
		{56E2FFBB-14C6-45AB-871C-5661BF0EE9C6}.Release|Any CPU.ActiveCfg = Release|Any CPU
		{56E2FFBB-14C6-45AB-871C-5661BF0EE9C6}.Release|Any CPU.Build.0 = Release|Any CPU
		{CFF00489-9E62-4B91-8245-F5518FBA2CE3}.Debug|Any CPU.ActiveCfg = Debug|Any CPU
		{CFF00489-9E62-4B91-8245-F5518FBA2CE3}.Debug|Any CPU.Build.0 = Debug|Any CPU
		{CFF00489-9E62-4B91-8245-F5518FBA2CE3}.Release|Any CPU.ActiveCfg = Release|Any CPU
		{CFF00489-9E62-4B91-8245-F5518FBA2CE3}.Release|Any CPU.Build.0 = Release|Any CPU
		{79D873B0-1B5C-49DA-93C4-3A62D34C57D2}.Debug|Any CPU.ActiveCfg = Debug|Any CPU
		{79D873B0-1B5C-49DA-93C4-3A62D34C57D2}.Debug|Any CPU.Build.0 = Debug|Any CPU
		{79D873B0-1B5C-49DA-93C4-3A62D34C57D2}.Release|Any CPU.ActiveCfg = Release|Any CPU
		{79D873B0-1B5C-49DA-93C4-3A62D34C57D2}.Release|Any CPU.Build.0 = Release|Any CPU
	EndGlobalSection
	GlobalSection(SolutionProperties) = preSolution
		HideSolutionNode = FALSE
	EndGlobalSection
	GlobalSection(ExtensibilityGlobals) = postSolution
		SolutionGuid = {B2364168-E28D-43C3-B048-B5398F915571}
	EndGlobalSection
EndGlobal
